# This file is automatically @generated by Cargo.
# It is not intended for manual editing.
version = 4

[[package]]
name = "color"
version = "0.1.0"

[[package]]
name = "cone"
version = "0.1.0"
dependencies = [
 "color",
 "ray",
 "vec3",
]

[[package]]
name = "cuboid"
version = "0.1.0"
dependencies = [
 "color",
 "ray",
 "vec3",
]

[[package]]
name = "cylinder"
version = "0.1.0"
dependencies = [
 "color",
 "ray",
 "vec3",
]

[[package]]
name = "menger"
version = "0.1.0"
dependencies = [
 "color",
 "ray",
 "vec3",
]

[[package]]
name = "obj_file"
version = "0.1.0"
dependencies = [
 "color",
 "triangle",
 "vec3",
]

[[package]]
name = "object_interface"
version = "0.1.0"
dependencies = [
 "color",
 "cone",
 "cuboid",
 "cylinder",
 "menger",
 "obj_file",
 "plane",
 "ray",
 "sphere",
 "triangle",
]

[[package]]
name = "plane"
version = "0.1.0"
dependencies = [
 "color",
 "ray",
 "vec3",
]

[[package]]
name = "ray"
version = "0.1.0"
dependencies = [
 "vec3",
]

[[package]]
name = "sphere"
version = "0.1.0"
dependencies = [
 "color",
 "ray",
 "vec3",
]

[[package]]
name = "triangle"
version = "0.1.0"
dependencies = [
 "color",
 "ray",
 "vec3",
]

[[package]]
name = "vec3"
version = "0.1.0"
