# This file is automatically @generated by Cargo.
# It is not intended for manual editing.
version = 4

[[package]]
name = "color"
version = "0.1.0"

[[package]]
name = "light_interface"
version = "0.1.0"
dependencies = [
 "color",
 "object_interface",
 "omni_light",
 "ray",
 "vec3",
]

[[package]]
name = "object_interface"
version = "0.1.0"
dependencies = [
 "color",
 "plane",
 "ray",
 "sphere",
]

[[package]]
name = "omni_light"
version = "0.1.0"
dependencies = [
 "color",
 "object_interface",
 "ray",
 "vec3",
]

[[package]]
name = "plane"
version = "0.1.0"
dependencies = [
 "color",
 "ray",
 "vec3",
]

[[package]]
name = "ray"
version = "0.1.0"
dependencies = [
 "vec3",
]

[[package]]
name = "sphere"
version = "0.1.0"
dependencies = [
 "color",
 "ray",
 "vec3",
]

[[package]]
name = "vec3"
version = "0.1.0"
